
Microsoft Visual Studio Solution File, Format Version 12.00
# Visual Studio Version 17
Project("{2150E333-8FDC-42A3-9474-1A3956D46DE8}") = "CMakePredefinedTargets", "CMakePredefinedTargets", "{76680E21-7BA9-3EC0-9F52-9574892C4245}"
EndProject
Project("{2150E333-8FDC-42A3-9474-1A3956D46DE8}") = "External", "External", "{BABEFF5C-EC7D-35C3-8112-3D5B592A5A2B}"
EndProject
Project("{2150E333-8FDC-42A3-9474-1A3956D46DE8}") = "Internal", "Internal", "{66FA3C16-A557-3376-92B0-0D7169EBADAE}"
EndProject
Project("{2150E333-8FDC-42A3-9474-1A3956D46DE8}") = "Utils", "Utils", "{F3E859D1-E3D5-3E20-A272-00914FA5EDE7}"
EndProject
Project("{8BC9CEB8-8B4A-11D0-8D11-00A0C91BC942}") = "ALL_BUILD", "ALL_BUILD.vcxproj", "{351372F3-C734-3091-BECE-B0180625A5F7}"
	ProjectSection(ProjectDependencies) = postProject
		{3B06E27E-6BAD-3577-9D3B-2BA4A9AC02E4} = {3B06E27E-6BAD-3577-9D3B-2BA4A9AC02E4}
		{1800197D-63BE-33BF-A528-0D114F080C91} = {1800197D-63BE-33BF-A528-0D114F080C91}
		{F261AF08-535E-394D-9022-78263FEFEF6A} = {F261AF08-535E-394D-9022-78263FEFEF6A}
		{16CB6750-C8DB-38E4-8B0D-C07E19F7D365} = {16CB6750-C8DB-38E4-8B0D-C07E19F7D365}
		{C915F177-0FA7-3843-A170-DFA79A3A2FEF} = {C915F177-0FA7-3843-A170-DFA79A3A2FEF}
		{8E242CC0-FE77-3F66-90AF-5ABE86061B2B} = {8E242CC0-FE77-3F66-90AF-5ABE86061B2B}
		{D60B1E65-46CF-358A-BE41-F1305DD0A6E4} = {D60B1E65-46CF-358A-BE41-F1305DD0A6E4}
		{9FED6D0A-F642-3814-89E2-554FD690B429} = {9FED6D0A-F642-3814-89E2-554FD690B429}
		{4AED3F2B-D40D-35E6-BB6D-D5F30D0F9283} = {4AED3F2B-D40D-35E6-BB6D-D5F30D0F9283}
		{EE313AB9-A03A-3153-A3B5-07FED4B1A07C} = {EE313AB9-A03A-3153-A3B5-07FED4B1A07C}
		{8A521ABF-A1BA-3B28-B90F-21F90CEA48CA} = {8A521ABF-A1BA-3B28-B90F-21F90CEA48CA}
		{72964D80-380E-3374-A8D9-2C41726155EF} = {72964D80-380E-3374-A8D9-2C41726155EF}
		{25ADF549-5798-3967-A9FD-AE6E89CB7DAD} = {25ADF549-5798-3967-A9FD-AE6E89CB7DAD}
		{8CAF240D-BBE9-37E6-B518-60B7E5D31FAE} = {8CAF240D-BBE9-37E6-B518-60B7E5D31FAE}
		{E52A3D98-F5CA-3929-9A7E-1A644EB4065B} = {E52A3D98-F5CA-3929-9A7E-1A644EB4065B}
	EndProjectSection
EndProject
Project("{8BC9CEB8-8B4A-11D0-8D11-00A0C91BC942}") = "Awesome_Auto-Chess", "Awesome_Auto-Chess.vcxproj", "{3B06E27E-6BAD-3577-9D3B-2BA4A9AC02E4}"
	ProjectSection(ProjectDependencies) = postProject
		{1800197D-63BE-33BF-A528-0D114F080C91} = {1800197D-63BE-33BF-A528-0D114F080C91}
		{F261AF08-535E-394D-9022-78263FEFEF6A} = {F261AF08-535E-394D-9022-78263FEFEF6A}
		{16CB6750-C8DB-38E4-8B0D-C07E19F7D365} = {16CB6750-C8DB-38E4-8B0D-C07E19F7D365}
		{C915F177-0FA7-3843-A170-DFA79A3A2FEF} = {C915F177-0FA7-3843-A170-DFA79A3A2FEF}
		{8E242CC0-FE77-3F66-90AF-5ABE86061B2B} = {8E242CC0-FE77-3F66-90AF-5ABE86061B2B}
		{D60B1E65-46CF-358A-BE41-F1305DD0A6E4} = {D60B1E65-46CF-358A-BE41-F1305DD0A6E4}
		{9FED6D0A-F642-3814-89E2-554FD690B429} = {9FED6D0A-F642-3814-89E2-554FD690B429}
		{4AED3F2B-D40D-35E6-BB6D-D5F30D0F9283} = {4AED3F2B-D40D-35E6-BB6D-D5F30D0F9283}
		{EE313AB9-A03A-3153-A3B5-07FED4B1A07C} = {EE313AB9-A03A-3153-A3B5-07FED4B1A07C}
		{8A521ABF-A1BA-3B28-B90F-21F90CEA48CA} = {8A521ABF-A1BA-3B28-B90F-21F90CEA48CA}
		{72964D80-380E-3374-A8D9-2C41726155EF} = {72964D80-380E-3374-A8D9-2C41726155EF}
		{25ADF549-5798-3967-A9FD-AE6E89CB7DAD} = {25ADF549-5798-3967-A9FD-AE6E89CB7DAD}
		{8CAF240D-BBE9-37E6-B518-60B7E5D31FAE} = {8CAF240D-BBE9-37E6-B518-60B7E5D31FAE}
		{E52A3D98-F5CA-3929-9A7E-1A644EB4065B} = {E52A3D98-F5CA-3929-9A7E-1A644EB4065B}
	EndProjectSection
EndProject
Project("{8BC9CEB8-8B4A-11D0-8D11-00A0C91BC942}") = "SYNC_RESOURCE-Awesome_Auto-Chess", "SYNC_RESOURCE-Awesome_Auto-Chess.vcxproj", "{1800197D-63BE-33BF-A528-0D114F080C91}"
	ProjectSection(ProjectDependencies) = postProject
		{F261AF08-535E-394D-9022-78263FEFEF6A} = {F261AF08-535E-394D-9022-78263FEFEF6A}
	EndProjectSection
EndProject
Project("{8BC9CEB8-8B4A-11D0-8D11-00A0C91BC942}") = "ZERO_CHECK", "ZERO_CHECK.vcxproj", "{F261AF08-535E-394D-9022-78263FEFEF6A}"
	ProjectSection(ProjectDependencies) = postProject
	EndProjectSection
EndProject
Project("{8BC9CEB8-8B4A-11D0-8D11-00A0C91BC942}") = "cocos2d", "engine\cocos\core\cocos2d.vcxproj", "{16CB6750-C8DB-38E4-8B0D-C07E19F7D365}"
	ProjectSection(ProjectDependencies) = postProject
		{F261AF08-535E-394D-9022-78263FEFEF6A} = {F261AF08-535E-394D-9022-78263FEFEF6A}
		{C915F177-0FA7-3843-A170-DFA79A3A2FEF} = {C915F177-0FA7-3843-A170-DFA79A3A2FEF}
		{8E242CC0-FE77-3F66-90AF-5ABE86061B2B} = {8E242CC0-FE77-3F66-90AF-5ABE86061B2B}
		{D60B1E65-46CF-358A-BE41-F1305DD0A6E4} = {D60B1E65-46CF-358A-BE41-F1305DD0A6E4}
		{9FED6D0A-F642-3814-89E2-554FD690B429} = {9FED6D0A-F642-3814-89E2-554FD690B429}
		{4AED3F2B-D40D-35E6-BB6D-D5F30D0F9283} = {4AED3F2B-D40D-35E6-BB6D-D5F30D0F9283}
		{EE313AB9-A03A-3153-A3B5-07FED4B1A07C} = {EE313AB9-A03A-3153-A3B5-07FED4B1A07C}
		{8A521ABF-A1BA-3B28-B90F-21F90CEA48CA} = {8A521ABF-A1BA-3B28-B90F-21F90CEA48CA}
		{72964D80-380E-3374-A8D9-2C41726155EF} = {72964D80-380E-3374-A8D9-2C41726155EF}
		{25ADF549-5798-3967-A9FD-AE6E89CB7DAD} = {25ADF549-5798-3967-A9FD-AE6E89CB7DAD}
		{8CAF240D-BBE9-37E6-B518-60B7E5D31FAE} = {8CAF240D-BBE9-37E6-B518-60B7E5D31FAE}
		{E52A3D98-F5CA-3929-9A7E-1A644EB4065B} = {E52A3D98-F5CA-3929-9A7E-1A644EB4065B}
	EndProjectSection
EndProject
Project("{8BC9CEB8-8B4A-11D0-8D11-00A0C91BC942}") = "ext_clipper", "engine\external\clipper\ext_clipper.vcxproj", "{C915F177-0FA7-3843-A170-DFA79A3A2FEF}"
	ProjectSection(ProjectDependencies) = postProject
		{F261AF08-535E-394D-9022-78263FEFEF6A} = {F261AF08-535E-394D-9022-78263FEFEF6A}
	EndProjectSection
EndProject
Project("{8BC9CEB8-8B4A-11D0-8D11-00A0C91BC942}") = "ext_convertUTF", "engine\external\ConvertUTF\ext_convertUTF.vcxproj", "{8E242CC0-FE77-3F66-90AF-5ABE86061B2B}"
	ProjectSection(ProjectDependencies) = postProject
		{F261AF08-535E-394D-9022-78263FEFEF6A} = {F261AF08-535E-394D-9022-78263FEFEF6A}
	EndProjectSection
EndProject
Project("{8BC9CEB8-8B4A-11D0-8D11-00A0C91BC942}") = "ext_edtaa3func", "engine\external\edtaa3func\ext_edtaa3func.vcxproj", "{D60B1E65-46CF-358A-BE41-F1305DD0A6E4}"
	ProjectSection(ProjectDependencies) = postProject
		{F261AF08-535E-394D-9022-78263FEFEF6A} = {F261AF08-535E-394D-9022-78263FEFEF6A}
	EndProjectSection
EndProject
Project("{8BC9CEB8-8B4A-11D0-8D11-00A0C91BC942}") = "ext_md5", "engine\external\md5\ext_md5.vcxproj", "{9FED6D0A-F642-3814-89E2-554FD690B429}"
	ProjectSection(ProjectDependencies) = postProject
		{F261AF08-535E-394D-9022-78263FEFEF6A} = {F261AF08-535E-394D-9022-78263FEFEF6A}
	EndProjectSection
EndProject
Project("{8BC9CEB8-8B4A-11D0-8D11-00A0C91BC942}") = "ext_poly2tri", "engine\external\poly2tri\ext_poly2tri.vcxproj", "{4AED3F2B-D40D-35E6-BB6D-D5F30D0F9283}"
	ProjectSection(ProjectDependencies) = postProject
		{F261AF08-535E-394D-9022-78263FEFEF6A} = {F261AF08-535E-394D-9022-78263FEFEF6A}
	EndProjectSection
EndProject
Project("{8BC9CEB8-8B4A-11D0-8D11-00A0C91BC942}") = "ext_recast", "engine\external\recast\ext_recast.vcxproj", "{EE313AB9-A03A-3153-A3B5-07FED4B1A07C}"
	ProjectSection(ProjectDependencies) = postProject
		{F261AF08-535E-394D-9022-78263FEFEF6A} = {F261AF08-535E-394D-9022-78263FEFEF6A}
	EndProjectSection
EndProject
Project("{8BC9CEB8-8B4A-11D0-8D11-00A0C91BC942}") = "ext_tinyxml2", "engine\external\tinyxml2\ext_tinyxml2.vcxproj", "{8A521ABF-A1BA-3B28-B90F-21F90CEA48CA}"
	ProjectSection(ProjectDependencies) = postProject
		{F261AF08-535E-394D-9022-78263FEFEF6A} = {F261AF08-535E-394D-9022-78263FEFEF6A}
	EndProjectSection
EndProject
Project("{8BC9CEB8-8B4A-11D0-8D11-00A0C91BC942}") = "ext_unzip", "engine\external\unzip\ext_unzip.vcxproj", "{72964D80-380E-3374-A8D9-2C41726155EF}"
	ProjectSection(ProjectDependencies) = postProject
		{F261AF08-535E-394D-9022-78263FEFEF6A} = {F261AF08-535E-394D-9022-78263FEFEF6A}
	EndProjectSection
EndProject
Project("{8BC9CEB8-8B4A-11D0-8D11-00A0C91BC942}") = "ext_xxhash", "engine\external\xxhash\ext_xxhash.vcxproj", "{25ADF549-5798-3967-A9FD-AE6E89CB7DAD}"
	ProjectSection(ProjectDependencies) = postProject
		{F261AF08-535E-394D-9022-78263FEFEF6A} = {F261AF08-535E-394D-9022-78263FEFEF6A}
	EndProjectSection
EndProject
Project("{8BC9CEB8-8B4A-11D0-8D11-00A0C91BC942}") = "ext_xxtea", "engine\external\xxtea\ext_xxtea.vcxproj", "{8CAF240D-BBE9-37E6-B518-60B7E5D31FAE}"
	ProjectSection(ProjectDependencies) = postProject
		{F261AF08-535E-394D-9022-78263FEFEF6A} = {F261AF08-535E-394D-9022-78263FEFEF6A}
	EndProjectSection
EndProject
Project("{8BC9CEB8-8B4A-11D0-8D11-00A0C91BC942}") = "external", "engine\external\external.vcxproj", "{E52A3D98-F5CA-3929-9A7E-1A644EB4065B}"
	ProjectSection(ProjectDependencies) = postProject
		{F261AF08-535E-394D-9022-78263FEFEF6A} = {F261AF08-535E-394D-9022-78263FEFEF6A}
		{C915F177-0FA7-3843-A170-DFA79A3A2FEF} = {C915F177-0FA7-3843-A170-DFA79A3A2FEF}
		{8E242CC0-FE77-3F66-90AF-5ABE86061B2B} = {8E242CC0-FE77-3F66-90AF-5ABE86061B2B}
		{D60B1E65-46CF-358A-BE41-F1305DD0A6E4} = {D60B1E65-46CF-358A-BE41-F1305DD0A6E4}
		{9FED6D0A-F642-3814-89E2-554FD690B429} = {9FED6D0A-F642-3814-89E2-554FD690B429}
		{4AED3F2B-D40D-35E6-BB6D-D5F30D0F9283} = {4AED3F2B-D40D-35E6-BB6D-D5F30D0F9283}
		{EE313AB9-A03A-3153-A3B5-07FED4B1A07C} = {EE313AB9-A03A-3153-A3B5-07FED4B1A07C}
		{8A521ABF-A1BA-3B28-B90F-21F90CEA48CA} = {8A521ABF-A1BA-3B28-B90F-21F90CEA48CA}
		{72964D80-380E-3374-A8D9-2C41726155EF} = {72964D80-380E-3374-A8D9-2C41726155EF}
		{25ADF549-5798-3967-A9FD-AE6E89CB7DAD} = {25ADF549-5798-3967-A9FD-AE6E89CB7DAD}
		{8CAF240D-BBE9-37E6-B518-60B7E5D31FAE} = {8CAF240D-BBE9-37E6-B518-60B7E5D31FAE}
	EndProjectSection
EndProject
Global
	GlobalSection(SolutionConfigurationPlatforms) = preSolution
		Debug|win32 = Debug|win32
		Release|win32 = Release|win32
		MinSizeRel|win32 = MinSizeRel|win32
		RelWithDebInfo|win32 = RelWithDebInfo|win32
	EndGlobalSection
	GlobalSection(ProjectConfigurationPlatforms) = postSolution
		{351372F3-C734-3091-BECE-B0180625A5F7}.Debug|win32.ActiveCfg = Debug|win32
		{351372F3-C734-3091-BECE-B0180625A5F7}.Release|win32.ActiveCfg = Release|win32
		{351372F3-C734-3091-BECE-B0180625A5F7}.MinSizeRel|win32.ActiveCfg = MinSizeRel|win32
		{351372F3-C734-3091-BECE-B0180625A5F7}.RelWithDebInfo|win32.ActiveCfg = RelWithDebInfo|win32
		{3B06E27E-6BAD-3577-9D3B-2BA4A9AC02E4}.Debug|win32.ActiveCfg = Debug|win32
		{3B06E27E-6BAD-3577-9D3B-2BA4A9AC02E4}.Debug|win32.Build.0 = Debug|win32
		{3B06E27E-6BAD-3577-9D3B-2BA4A9AC02E4}.Release|win32.ActiveCfg = Release|win32
		{3B06E27E-6BAD-3577-9D3B-2BA4A9AC02E4}.Release|win32.Build.0 = Release|win32
		{3B06E27E-6BAD-3577-9D3B-2BA4A9AC02E4}.MinSizeRel|win32.ActiveCfg = MinSizeRel|win32
		{3B06E27E-6BAD-3577-9D3B-2BA4A9AC02E4}.MinSizeRel|win32.Build.0 = MinSizeRel|win32
		{3B06E27E-6BAD-3577-9D3B-2BA4A9AC02E4}.RelWithDebInfo|win32.ActiveCfg = RelWithDebInfo|win32
		{3B06E27E-6BAD-3577-9D3B-2BA4A9AC02E4}.RelWithDebInfo|win32.Build.0 = RelWithDebInfo|win32
		{1800197D-63BE-33BF-A528-0D114F080C91}.Debug|win32.ActiveCfg = Debug|win32
		{1800197D-63BE-33BF-A528-0D114F080C91}.Debug|win32.Build.0 = Debug|win32
		{1800197D-63BE-33BF-A528-0D114F080C91}.Release|win32.ActiveCfg = Release|win32
		{1800197D-63BE-33BF-A528-0D114F080C91}.Release|win32.Build.0 = Release|win32
		{1800197D-63BE-33BF-A528-0D114F080C91}.MinSizeRel|win32.ActiveCfg = MinSizeRel|win32
		{1800197D-63BE-33BF-A528-0D114F080C91}.MinSizeRel|win32.Build.0 = MinSizeRel|win32
		{1800197D-63BE-33BF-A528-0D114F080C91}.RelWithDebInfo|win32.ActiveCfg = RelWithDebInfo|win32
		{1800197D-63BE-33BF-A528-0D114F080C91}.RelWithDebInfo|win32.Build.0 = RelWithDebInfo|win32
		{F261AF08-535E-394D-9022-78263FEFEF6A}.Debug|win32.ActiveCfg = Debug|win32
		{F261AF08-535E-394D-9022-78263FEFEF6A}.Debug|win32.Build.0 = Debug|win32
		{F261AF08-535E-394D-9022-78263FEFEF6A}.Release|win32.ActiveCfg = Release|win32
		{F261AF08-535E-394D-9022-78263FEFEF6A}.Release|win32.Build.0 = Release|win32
		{F261AF08-535E-394D-9022-78263FEFEF6A}.MinSizeRel|win32.ActiveCfg = MinSizeRel|win32
		{F261AF08-535E-394D-9022-78263FEFEF6A}.MinSizeRel|win32.Build.0 = MinSizeRel|win32
		{F261AF08-535E-394D-9022-78263FEFEF6A}.RelWithDebInfo|win32.ActiveCfg = RelWithDebInfo|win32
		{F261AF08-535E-394D-9022-78263FEFEF6A}.RelWithDebInfo|win32.Build.0 = RelWithDebInfo|win32
		{16CB6750-C8DB-38E4-8B0D-C07E19F7D365}.Debug|win32.ActiveCfg = Debug|win32
		{16CB6750-C8DB-38E4-8B0D-C07E19F7D365}.Debug|win32.Build.0 = Debug|win32
		{16CB6750-C8DB-38E4-8B0D-C07E19F7D365}.Release|win32.ActiveCfg = Release|win32
		{16CB6750-C8DB-38E4-8B0D-C07E19F7D365}.Release|win32.Build.0 = Release|win32
		{16CB6750-C8DB-38E4-8B0D-C07E19F7D365}.MinSizeRel|win32.ActiveCfg = MinSizeRel|win32
		{16CB6750-C8DB-38E4-8B0D-C07E19F7D365}.MinSizeRel|win32.Build.0 = MinSizeRel|win32
		{16CB6750-C8DB-38E4-8B0D-C07E19F7D365}.RelWithDebInfo|win32.ActiveCfg = RelWithDebInfo|win32
		{16CB6750-C8DB-38E4-8B0D-C07E19F7D365}.RelWithDebInfo|win32.Build.0 = RelWithDebInfo|win32
		{C915F177-0FA7-3843-A170-DFA79A3A2FEF}.Debug|win32.ActiveCfg = Debug|win32
		{C915F177-0FA7-3843-A170-DFA79A3A2FEF}.Debug|win32.Build.0 = Debug|win32
		{C915F177-0FA7-3843-A170-DFA79A3A2FEF}.Release|win32.ActiveCfg = Release|win32
		{C915F177-0FA7-3843-A170-DFA79A3A2FEF}.Release|win32.Build.0 = Release|win32
		{C915F177-0FA7-3843-A170-DFA79A3A2FEF}.MinSizeRel|win32.ActiveCfg = MinSizeRel|win32
		{C915F177-0FA7-3843-A170-DFA79A3A2FEF}.MinSizeRel|win32.Build.0 = MinSizeRel|win32
		{C915F177-0FA7-3843-A170-DFA79A3A2FEF}.RelWithDebInfo|win32.ActiveCfg = RelWithDebInfo|win32
		{C915F177-0FA7-3843-A170-DFA79A3A2FEF}.RelWithDebInfo|win32.Build.0 = RelWithDebInfo|win32
		{8E242CC0-FE77-3F66-90AF-5ABE86061B2B}.Debug|win32.ActiveCfg = Debug|win32
		{8E242CC0-FE77-3F66-90AF-5ABE86061B2B}.Debug|win32.Build.0 = Debug|win32
		{8E242CC0-FE77-3F66-90AF-5ABE86061B2B}.Release|win32.ActiveCfg = Release|win32
		{8E242CC0-FE77-3F66-90AF-5ABE86061B2B}.Release|win32.Build.0 = Release|win32
		{8E242CC0-FE77-3F66-90AF-5ABE86061B2B}.MinSizeRel|win32.ActiveCfg = MinSizeRel|win32
		{8E242CC0-FE77-3F66-90AF-5ABE86061B2B}.MinSizeRel|win32.Build.0 = MinSizeRel|win32
		{8E242CC0-FE77-3F66-90AF-5ABE86061B2B}.RelWithDebInfo|win32.ActiveCfg = RelWithDebInfo|win32
		{8E242CC0-FE77-3F66-90AF-5ABE86061B2B}.RelWithDebInfo|win32.Build.0 = RelWithDebInfo|win32
		{D60B1E65-46CF-358A-BE41-F1305DD0A6E4}.Debug|win32.ActiveCfg = Debug|win32
		{D60B1E65-46CF-358A-BE41-F1305DD0A6E4}.Debug|win32.Build.0 = Debug|win32
		{D60B1E65-46CF-358A-BE41-F1305DD0A6E4}.Release|win32.ActiveCfg = Release|win32
		{D60B1E65-46CF-358A-BE41-F1305DD0A6E4}.Release|win32.Build.0 = Release|win32
		{D60B1E65-46CF-358A-BE41-F1305DD0A6E4}.MinSizeRel|win32.ActiveCfg = MinSizeRel|win32
		{D60B1E65-46CF-358A-BE41-F1305DD0A6E4}.MinSizeRel|win32.Build.0 = MinSizeRel|win32
		{D60B1E65-46CF-358A-BE41-F1305DD0A6E4}.RelWithDebInfo|win32.ActiveCfg = RelWithDebInfo|win32
		{D60B1E65-46CF-358A-BE41-F1305DD0A6E4}.RelWithDebInfo|win32.Build.0 = RelWithDebInfo|win32
		{9FED6D0A-F642-3814-89E2-554FD690B429}.Debug|win32.ActiveCfg = Debug|win32
		{9FED6D0A-F642-3814-89E2-554FD690B429}.Debug|win32.Build.0 = Debug|win32
		{9FED6D0A-F642-3814-89E2-554FD690B429}.Release|win32.ActiveCfg = Release|win32
		{9FED6D0A-F642-3814-89E2-554FD690B429}.Release|win32.Build.0 = Release|win32
		{9FED6D0A-F642-3814-89E2-554FD690B429}.MinSizeRel|win32.ActiveCfg = MinSizeRel|win32
		{9FED6D0A-F642-3814-89E2-554FD690B429}.MinSizeRel|win32.Build.0 = MinSizeRel|win32
		{9FED6D0A-F642-3814-89E2-554FD690B429}.RelWithDebInfo|win32.ActiveCfg = RelWithDebInfo|win32
		{9FED6D0A-F642-3814-89E2-554FD690B429}.RelWithDebInfo|win32.Build.0 = RelWithDebInfo|win32
		{4AED3F2B-D40D-35E6-BB6D-D5F30D0F9283}.Debug|win32.ActiveCfg = Debug|win32
		{4AED3F2B-D40D-35E6-BB6D-D5F30D0F9283}.Debug|win32.Build.0 = Debug|win32
		{4AED3F2B-D40D-35E6-BB6D-D5F30D0F9283}.Release|win32.ActiveCfg = Release|win32
		{4AED3F2B-D40D-35E6-BB6D-D5F30D0F9283}.Release|win32.Build.0 = Release|win32
		{4AED3F2B-D40D-35E6-BB6D-D5F30D0F9283}.MinSizeRel|win32.ActiveCfg = MinSizeRel|win32
		{4AED3F2B-D40D-35E6-BB6D-D5F30D0F9283}.MinSizeRel|win32.Build.0 = MinSizeRel|win32
		{4AED3F2B-D40D-35E6-BB6D-D5F30D0F9283}.RelWithDebInfo|win32.ActiveCfg = RelWithDebInfo|win32
		{4AED3F2B-D40D-35E6-BB6D-D5F30D0F9283}.RelWithDebInfo|win32.Build.0 = RelWithDebInfo|win32
		{EE313AB9-A03A-3153-A3B5-07FED4B1A07C}.Debug|win32.ActiveCfg = Debug|win32
		{EE313AB9-A03A-3153-A3B5-07FED4B1A07C}.Debug|win32.Build.0 = Debug|win32
		{EE313AB9-A03A-3153-A3B5-07FED4B1A07C}.Release|win32.ActiveCfg = Release|win32
		{EE313AB9-A03A-3153-A3B5-07FED4B1A07C}.Release|win32.Build.0 = Release|win32
		{EE313AB9-A03A-3153-A3B5-07FED4B1A07C}.MinSizeRel|win32.ActiveCfg = MinSizeRel|win32
		{EE313AB9-A03A-3153-A3B5-07FED4B1A07C}.MinSizeRel|win32.Build.0 = MinSizeRel|win32
		{EE313AB9-A03A-3153-A3B5-07FED4B1A07C}.RelWithDebInfo|win32.ActiveCfg = RelWithDebInfo|win32
		{EE313AB9-A03A-3153-A3B5-07FED4B1A07C}.RelWithDebInfo|win32.Build.0 = RelWithDebInfo|win32
		{8A521ABF-A1BA-3B28-B90F-21F90CEA48CA}.Debug|win32.ActiveCfg = Debug|win32
		{8A521ABF-A1BA-3B28-B90F-21F90CEA48CA}.Debug|win32.Build.0 = Debug|win32
		{8A521ABF-A1BA-3B28-B90F-21F90CEA48CA}.Release|win32.ActiveCfg = Release|win32
		{8A521ABF-A1BA-3B28-B90F-21F90CEA48CA}.Release|win32.Build.0 = Release|win32
		{8A521ABF-A1BA-3B28-B90F-21F90CEA48CA}.MinSizeRel|win32.ActiveCfg = MinSizeRel|win32
		{8A521ABF-A1BA-3B28-B90F-21F90CEA48CA}.MinSizeRel|win32.Build.0 = MinSizeRel|win32
		{8A521ABF-A1BA-3B28-B90F-21F90CEA48CA}.RelWithDebInfo|win32.ActiveCfg = RelWithDebInfo|win32
		{8A521ABF-A1BA-3B28-B90F-21F90CEA48CA}.RelWithDebInfo|win32.Build.0 = RelWithDebInfo|win32
		{72964D80-380E-3374-A8D9-2C41726155EF}.Debug|win32.ActiveCfg = Debug|win32
		{72964D80-380E-3374-A8D9-2C41726155EF}.Debug|win32.Build.0 = Debug|win32
		{72964D80-380E-3374-A8D9-2C41726155EF}.Release|win32.ActiveCfg = Release|win32
		{72964D80-380E-3374-A8D9-2C41726155EF}.Release|win32.Build.0 = Release|win32
		{72964D80-380E-3374-A8D9-2C41726155EF}.MinSizeRel|win32.ActiveCfg = MinSizeRel|win32
		{72964D80-380E-3374-A8D9-2C41726155EF}.MinSizeRel|win32.Build.0 = MinSizeRel|win32
		{72964D80-380E-3374-A8D9-2C41726155EF}.RelWithDebInfo|win32.ActiveCfg = RelWithDebInfo|win32
		{72964D80-380E-3374-A8D9-2C41726155EF}.RelWithDebInfo|win32.Build.0 = RelWithDebInfo|win32
		{25ADF549-5798-3967-A9FD-AE6E89CB7DAD}.Debug|win32.ActiveCfg = Debug|win32
		{25ADF549-5798-3967-A9FD-AE6E89CB7DAD}.Debug|win32.Build.0 = Debug|win32
		{25ADF549-5798-3967-A9FD-AE6E89CB7DAD}.Release|win32.ActiveCfg = Release|win32
		{25ADF549-5798-3967-A9FD-AE6E89CB7DAD}.Release|win32.Build.0 = Release|win32
		{25ADF549-5798-3967-A9FD-AE6E89CB7DAD}.MinSizeRel|win32.ActiveCfg = MinSizeRel|win32
		{25ADF549-5798-3967-A9FD-AE6E89CB7DAD}.MinSizeRel|win32.Build.0 = MinSizeRel|win32
		{25ADF549-5798-3967-A9FD-AE6E89CB7DAD}.RelWithDebInfo|win32.ActiveCfg = RelWithDebInfo|win32
		{25ADF549-5798-3967-A9FD-AE6E89CB7DAD}.RelWithDebInfo|win32.Build.0 = RelWithDebInfo|win32
		{8CAF240D-BBE9-37E6-B518-60B7E5D31FAE}.Debug|win32.ActiveCfg = Debug|win32
		{8CAF240D-BBE9-37E6-B518-60B7E5D31FAE}.Debug|win32.Build.0 = Debug|win32
		{8CAF240D-BBE9-37E6-B518-60B7E5D31FAE}.Release|win32.ActiveCfg = Release|win32
		{8CAF240D-BBE9-37E6-B518-60B7E5D31FAE}.Release|win32.Build.0 = Release|win32
		{8CAF240D-BBE9-37E6-B518-60B7E5D31FAE}.MinSizeRel|win32.ActiveCfg = MinSizeRel|win32
		{8CAF240D-BBE9-37E6-B518-60B7E5D31FAE}.MinSizeRel|win32.Build.0 = MinSizeRel|win32
		{8CAF240D-BBE9-37E6-B518-60B7E5D31FAE}.RelWithDebInfo|win32.ActiveCfg = RelWithDebInfo|win32
		{8CAF240D-BBE9-37E6-B518-60B7E5D31FAE}.RelWithDebInfo|win32.Build.0 = RelWithDebInfo|win32
		{E52A3D98-F5CA-3929-9A7E-1A644EB4065B}.Debug|win32.ActiveCfg = Debug|win32
		{E52A3D98-F5CA-3929-9A7E-1A644EB4065B}.Debug|win32.Build.0 = Debug|win32
		{E52A3D98-F5CA-3929-9A7E-1A644EB4065B}.Release|win32.ActiveCfg = Release|win32
		{E52A3D98-F5CA-3929-9A7E-1A644EB4065B}.Release|win32.Build.0 = Release|win32
		{E52A3D98-F5CA-3929-9A7E-1A644EB4065B}.MinSizeRel|win32.ActiveCfg = MinSizeRel|win32
		{E52A3D98-F5CA-3929-9A7E-1A644EB4065B}.MinSizeRel|win32.Build.0 = MinSizeRel|win32
		{E52A3D98-F5CA-3929-9A7E-1A644EB4065B}.RelWithDebInfo|win32.ActiveCfg = RelWithDebInfo|win32
		{E52A3D98-F5CA-3929-9A7E-1A644EB4065B}.RelWithDebInfo|win32.Build.0 = RelWithDebInfo|win32
	EndGlobalSection
	GlobalSection(NestedProjects) = preSolution
		{351372F3-C734-3091-BECE-B0180625A5F7} = {76680E21-7BA9-3EC0-9F52-9574892C4245}
		{F261AF08-535E-394D-9022-78263FEFEF6A} = {76680E21-7BA9-3EC0-9F52-9574892C4245}
		{C915F177-0FA7-3843-A170-DFA79A3A2FEF} = {BABEFF5C-EC7D-35C3-8112-3D5B592A5A2B}
		{8E242CC0-FE77-3F66-90AF-5ABE86061B2B} = {BABEFF5C-EC7D-35C3-8112-3D5B592A5A2B}
		{D60B1E65-46CF-358A-BE41-F1305DD0A6E4} = {BABEFF5C-EC7D-35C3-8112-3D5B592A5A2B}
		{9FED6D0A-F642-3814-89E2-554FD690B429} = {BABEFF5C-EC7D-35C3-8112-3D5B592A5A2B}
		{4AED3F2B-D40D-35E6-BB6D-D5F30D0F9283} = {BABEFF5C-EC7D-35C3-8112-3D5B592A5A2B}
		{EE313AB9-A03A-3153-A3B5-07FED4B1A07C} = {BABEFF5C-EC7D-35C3-8112-3D5B592A5A2B}
		{8A521ABF-A1BA-3B28-B90F-21F90CEA48CA} = {BABEFF5C-EC7D-35C3-8112-3D5B592A5A2B}
		{72964D80-380E-3374-A8D9-2C41726155EF} = {BABEFF5C-EC7D-35C3-8112-3D5B592A5A2B}
		{25ADF549-5798-3967-A9FD-AE6E89CB7DAD} = {BABEFF5C-EC7D-35C3-8112-3D5B592A5A2B}
		{8CAF240D-BBE9-37E6-B518-60B7E5D31FAE} = {BABEFF5C-EC7D-35C3-8112-3D5B592A5A2B}
		{E52A3D98-F5CA-3929-9A7E-1A644EB4065B} = {BABEFF5C-EC7D-35C3-8112-3D5B592A5A2B}
		{16CB6750-C8DB-38E4-8B0D-C07E19F7D365} = {66FA3C16-A557-3376-92B0-0D7169EBADAE}
		{1800197D-63BE-33BF-A528-0D114F080C91} = {F3E859D1-E3D5-3E20-A272-00914FA5EDE7}
	EndGlobalSection
	GlobalSection(ExtensibilityGlobals) = postSolution
		SolutionGuid = {2C9F8ED7-F228-36D8-905F-3D0C443D9395}
	EndGlobalSection
	GlobalSection(ExtensibilityAddIns) = postSolution
	EndGlobalSection
EndGlobal
